
Microsoft Visual Studio Solution File, Format Version 12.00
# Visual Studio 15
VisualStudioVersion = 15.0.27428.1
MinimumVisualStudioVersion = 10.0.40219.1
Project("{8BC9CEB8-8B4A-11D0-8D11-00A0C91BC942}") = "14.03.2019", "14.03.2019\14.03.2019.vcxproj", "{41FFF763-A343-4854-BF10-0AB91C3A46F0}"
EndProject
Global
	GlobalSection(SolutionConfigurationPlatforms) = preSolution
		Debug|x64 = Debug|x64
		Debug|x86 = Debug|x86
		Release|x64 = Release|x64
		Release|x86 = Release|x86
	EndGlobalSection
	GlobalSection(ProjectConfigurationPlatforms) = postSolution
		{41FFF763-A343-4854-BF10-0AB91C3A46F0}.Debug|x64.ActiveCfg = Debug|x64
		{41FFF763-A343-4854-BF10-0AB91C3A46F0}.Debug|x64.Build.0 = Debug|x64
		{41FFF763-A343-4854-BF10-0AB91C3A46F0}.Debug|x86.ActiveCfg = Debug|Win32
		{41FFF763-A343-4854-BF10-0AB91C3A46F0}.Debug|x86.Build.0 = Debug|Win32
		{41FFF763-A343-4854-BF10-0AB91C3A46F0}.Release|x64.ActiveCfg = Release|x64
		{41FFF763-A343-4854-BF10-0AB91C3A46F0}.Release|x64.Build.0 = Release|x64
		{41FFF763-A343-4854-BF10-0AB91C3A46F0}.Release|x86.ActiveCfg = Release|Win32
		{41FFF763-A343-4854-BF10-0AB91C3A46F0}.Release|x86.Build.0 = Release|Win32
	EndGlobalSection
	GlobalSection(SolutionProperties) = preSolution
		HideSolutionNode = FALSE
	EndGlobalSection
	GlobalSection(ExtensibilityGlobals) = postSolution
		SolutionGuid = {DC3679E5-90CB-4755-B530-0D169A8FA4D4}
	EndGlobalSection
EndGlobal
